
Microsoft Visual Studio Solution File, Format Version 12.00
# Visual Studio Version 17
VisualStudioVersion = 17.11.35327.3
MinimumVisualStudioVersion = 10.0.40219.1
Project("{2150E333-8FDC-42A3-9474-1A3956D46DE8}") = "Sources", "Sources", "{25EA2428-C302-4179-A1BB-C63258BEC435}"
EndProject
Project("{2150E333-8FDC-42A3-9474-1A3956D46DE8}") = "Examples", "Examples", "{8A6C8C18-1A31-415D-A2C3-EA4B75CB2F04}"
EndProject
Project("{2150E333-8FDC-42A3-9474-1A3956D46DE8}") = "Solution Items", "Solution Items", "{328B3A1F-FE9B-4C6A-AD59-F2162662A84D}"
	ProjectSection(SolutionItems) = preProject
		README.md = README.md
		TODO List.md = TODO List.md
	EndProjectSection
EndProject
Project("{2150E333-8FDC-42A3-9474-1A3956D46DE8}") = "Providers", "Providers", "{89D8C7CB-4A0A-4E91-81C3-297CCF29FF4F}"
EndProject
Project("{2150E333-8FDC-42A3-9474-1A3956D46DE8}") = "Serilog", "Serilog", "{3B2C5D72-5DC0-4772-BB4C-F36AAA49D39D}"
EndProject
Project("{2150E333-8FDC-42A3-9474-1A3956D46DE8}") = "Packages", "Packages", "{6103FDB2-FCE2-4E7E-94E5-4B22A01CE3C3}"
EndProject
Project("{2150E333-8FDC-42A3-9474-1A3956D46DE8}") = "Services", "Services", "{F4E31E10-9D38-431A-91A5-B36C735BDF6D}"
EndProject
Project("{FAE04EC0-301F-11D3-BF4B-00C04F79EFBC}") = "LogMQ.Providers.Tcp", "Sources\LogMQ.Packages.Providers.Tcp\LogMQ.Providers.Tcp.csproj", "{7B87C4CB-4E4D-4C0A-8116-C310BC6FC1B3}"
EndProject
Project("{FAE04EC0-301F-11D3-BF4B-00C04F79EFBC}") = "LogMQ.Providers.Msmq", "Sources\LogMQ.Packages.Providers.Msmq\LogMQ.Providers.Msmq.csproj", "{A51844C5-AF95-4545-85A1-AA818E04D6E3}"
EndProject
Project("{FAE04EC0-301F-11D3-BF4B-00C04F79EFBC}") = "LogMQ.Serilog", "Sources\LogMQ.Packages.Serilog.Common\LogMQ.Serilog.csproj", "{D7542C4D-F13B-49AC-BFFF-7F35919A9846}"
EndProject
Project("{FAE04EC0-301F-11D3-BF4B-00C04F79EFBC}") = "LogMQ.Broker", "Sources\LogMQ.Services.Broker\LogMQ.Broker.csproj", "{ECA7E7E6-E43E-4D4C-BBA6-6ADC49401FE9}"
EndProject
Project("{FAE04EC0-301F-11D3-BF4B-00C04F79EFBC}") = "LogMQ.Viewer", "Sources\LogMQ.Services.Viewer\LogMQ.Viewer.csproj", "{12759162-8C71-428F-B4D3-5034EDA17BD7}"
EndProject
Project("{FAE04EC0-301F-11D3-BF4B-00C04F79EFBC}") = "LogMQ.Base", "Sources\LogMQ.Packages.Base\LogMQ.Base.csproj", "{7B21B08E-29EC-47DD-8863-04FBDF333AE5}"
EndProject
Project("{2150E333-8FDC-42A3-9474-1A3956D46DE8}") = "Serilog", "Serilog", "{81BE674B-9063-430C-A898-22028CEF2185}"
EndProject
Project("{FAE04EC0-301F-11D3-BF4B-00C04F79EFBC}") = "LogMQ.Examples.Console", "Examples\LogMQ.Examples.Serilog.Console\LogMQ.Examples.Console.csproj", "{95D01E58-30AA-495E-A23F-B2EE6C695C42}"
EndProject
Project("{2150E333-8FDC-42A3-9474-1A3956D46DE8}") = "Plugins", "Plugins", "{0CEDF659-7A3D-484D-A2A7-8ABCCBF07CA6}"
EndProject
Project("{2150E333-8FDC-42A3-9474-1A3956D46DE8}") = "Receivers", "Receivers", "{E17F5A13-6004-44F2-8B20-DB21A6156BBE}"
EndProject
Project("{FAE04EC0-301F-11D3-BF4B-00C04F79EFBC}") = "LogMQ.Plugins.ReceiverBase", "Sources\LogMQ.Plugins.ReceiverBase\LogMQ.Plugins.ReceiverBase.csproj", "{04AE057A-CFF9-4094-84F7-3434909B29EB}"
EndProject
Project("{2150E333-8FDC-42A3-9474-1A3956D46DE8}") = "Storage", "Storage", "{735F70E1-963A-49CD-887E-89FA3C2C20A5}"
EndProject
Project("{FAE04EC0-301F-11D3-BF4B-00C04F79EFBC}") = "LogMQ.Plugins.StorageBase", "Sources\LogMQ.Plugins.StorageBase\LogMQ.Plugins.StorageBase.csproj", "{E072928F-287D-4D39-84C8-82D558615DF4}"
EndProject
Project("{FAE04EC0-301F-11D3-BF4B-00C04F79EFBC}") = "LogMQ.Plugins.RocksDbStorage", "Sources\LogMQ.Plugins.RocksDbStorage\LogMQ.Plugins.RocksDbStorage.csproj", "{27ADB06F-E000-48D9-A36B-CFCF7945392E}"
EndProject
Project("{FAE04EC0-301F-11D3-BF4B-00C04F79EFBC}") = "LogMQ.Plugins.MsmqReceiver", "Sources\LogMQ.Plugins.MsmqReceiver\LogMQ.Plugins.MsmqReceiver.csproj", "{3878AA7A-D04E-4784-A905-2333B1505942}"
EndProject
Project("{FAE04EC0-301F-11D3-BF4B-00C04F79EFBC}") = "LogMQ.Plugins.TcpReceiver", "Sources\LogMQ.Plugins.TcpReceiver\LogMQ.Plugins.TcpReceiver.csproj", "{C4D2230C-8D69-47C2-B512-3BC7743EA51B}"
EndProject
Global
	GlobalSection(SolutionConfigurationPlatforms) = preSolution
		Debug|Any CPU = Debug|Any CPU
		Release|Any CPU = Release|Any CPU
	EndGlobalSection
	GlobalSection(ProjectConfigurationPlatforms) = postSolution
		{7B87C4CB-4E4D-4C0A-8116-C310BC6FC1B3}.Debug|Any CPU.ActiveCfg = Debug|Any CPU
		{7B87C4CB-4E4D-4C0A-8116-C310BC6FC1B3}.Debug|Any CPU.Build.0 = Debug|Any CPU
		{7B87C4CB-4E4D-4C0A-8116-C310BC6FC1B3}.Release|Any CPU.ActiveCfg = Release|Any CPU
		{7B87C4CB-4E4D-4C0A-8116-C310BC6FC1B3}.Release|Any CPU.Build.0 = Release|Any CPU
		{A51844C5-AF95-4545-85A1-AA818E04D6E3}.Debug|Any CPU.ActiveCfg = Debug|Any CPU
		{A51844C5-AF95-4545-85A1-AA818E04D6E3}.Debug|Any CPU.Build.0 = Debug|Any CPU
		{A51844C5-AF95-4545-85A1-AA818E04D6E3}.Release|Any CPU.ActiveCfg = Release|Any CPU
		{A51844C5-AF95-4545-85A1-AA818E04D6E3}.Release|Any CPU.Build.0 = Release|Any CPU
		{D7542C4D-F13B-49AC-BFFF-7F35919A9846}.Debug|Any CPU.ActiveCfg = Debug|Any CPU
		{D7542C4D-F13B-49AC-BFFF-7F35919A9846}.Debug|Any CPU.Build.0 = Debug|Any CPU
		{D7542C4D-F13B-49AC-BFFF-7F35919A9846}.Release|Any CPU.ActiveCfg = Release|Any CPU
		{D7542C4D-F13B-49AC-BFFF-7F35919A9846}.Release|Any CPU.Build.0 = Release|Any CPU
		{ECA7E7E6-E43E-4D4C-BBA6-6ADC49401FE9}.Debug|Any CPU.ActiveCfg = Debug|Any CPU
		{ECA7E7E6-E43E-4D4C-BBA6-6ADC49401FE9}.Debug|Any CPU.Build.0 = Debug|Any CPU
		{ECA7E7E6-E43E-4D4C-BBA6-6ADC49401FE9}.Release|Any CPU.ActiveCfg = Release|Any CPU
		{ECA7E7E6-E43E-4D4C-BBA6-6ADC49401FE9}.Release|Any CPU.Build.0 = Release|Any CPU
		{12759162-8C71-428F-B4D3-5034EDA17BD7}.Debug|Any CPU.ActiveCfg = Debug|Any CPU
		{12759162-8C71-428F-B4D3-5034EDA17BD7}.Debug|Any CPU.Build.0 = Debug|Any CPU
		{12759162-8C71-428F-B4D3-5034EDA17BD7}.Release|Any CPU.ActiveCfg = Release|Any CPU
		{12759162-8C71-428F-B4D3-5034EDA17BD7}.Release|Any CPU.Build.0 = Release|Any CPU
		{7B21B08E-29EC-47DD-8863-04FBDF333AE5}.Debug|Any CPU.ActiveCfg = Debug|Any CPU
		{7B21B08E-29EC-47DD-8863-04FBDF333AE5}.Debug|Any CPU.Build.0 = Debug|Any CPU
		{7B21B08E-29EC-47DD-8863-04FBDF333AE5}.Release|Any CPU.ActiveCfg = Release|Any CPU
		{7B21B08E-29EC-47DD-8863-04FBDF333AE5}.Release|Any CPU.Build.0 = Release|Any CPU
		{95D01E58-30AA-495E-A23F-B2EE6C695C42}.Debug|Any CPU.ActiveCfg = Debug|Any CPU
		{95D01E58-30AA-495E-A23F-B2EE6C695C42}.Debug|Any CPU.Build.0 = Debug|Any CPU
		{95D01E58-30AA-495E-A23F-B2EE6C695C42}.Release|Any CPU.ActiveCfg = Release|Any CPU
		{95D01E58-30AA-495E-A23F-B2EE6C695C42}.Release|Any CPU.Build.0 = Release|Any CPU
		{04AE057A-CFF9-4094-84F7-3434909B29EB}.Debug|Any CPU.ActiveCfg = Debug|Any CPU
		{04AE057A-CFF9-4094-84F7-3434909B29EB}.Debug|Any CPU.Build.0 = Debug|Any CPU
		{04AE057A-CFF9-4094-84F7-3434909B29EB}.Release|Any CPU.ActiveCfg = Release|Any CPU
		{04AE057A-CFF9-4094-84F7-3434909B29EB}.Release|Any CPU.Build.0 = Release|Any CPU
		{E072928F-287D-4D39-84C8-82D558615DF4}.Debug|Any CPU.ActiveCfg = Debug|Any CPU
		{E072928F-287D-4D39-84C8-82D558615DF4}.Debug|Any CPU.Build.0 = Debug|Any CPU
		{E072928F-287D-4D39-84C8-82D558615DF4}.Release|Any CPU.ActiveCfg = Release|Any CPU
		{E072928F-287D-4D39-84C8-82D558615DF4}.Release|Any CPU.Build.0 = Release|Any CPU
		{27ADB06F-E000-48D9-A36B-CFCF7945392E}.Debug|Any CPU.ActiveCfg = Debug|Any CPU
		{27ADB06F-E000-48D9-A36B-CFCF7945392E}.Debug|Any CPU.Build.0 = Debug|Any CPU
		{27ADB06F-E000-48D9-A36B-CFCF7945392E}.Release|Any CPU.ActiveCfg = Release|Any CPU
		{27ADB06F-E000-48D9-A36B-CFCF7945392E}.Release|Any CPU.Build.0 = Release|Any CPU
		{3878AA7A-D04E-4784-A905-2333B1505942}.Debug|Any CPU.ActiveCfg = Debug|Any CPU
		{3878AA7A-D04E-4784-A905-2333B1505942}.Debug|Any CPU.Build.0 = Debug|Any CPU
		{3878AA7A-D04E-4784-A905-2333B1505942}.Release|Any CPU.ActiveCfg = Release|Any CPU
		{3878AA7A-D04E-4784-A905-2333B1505942}.Release|Any CPU.Build.0 = Release|Any CPU
		{C4D2230C-8D69-47C2-B512-3BC7743EA51B}.Debug|Any CPU.ActiveCfg = Debug|Any CPU
		{C4D2230C-8D69-47C2-B512-3BC7743EA51B}.Debug|Any CPU.Build.0 = Debug|Any CPU
		{C4D2230C-8D69-47C2-B512-3BC7743EA51B}.Release|Any CPU.ActiveCfg = Release|Any CPU
		{C4D2230C-8D69-47C2-B512-3BC7743EA51B}.Release|Any CPU.Build.0 = Release|Any CPU
	EndGlobalSection
	GlobalSection(SolutionProperties) = preSolution
		HideSolutionNode = FALSE
	EndGlobalSection
	GlobalSection(NestedProjects) = preSolution
		{89D8C7CB-4A0A-4E91-81C3-297CCF29FF4F} = {6103FDB2-FCE2-4E7E-94E5-4B22A01CE3C3}
		{3B2C5D72-5DC0-4772-BB4C-F36AAA49D39D} = {6103FDB2-FCE2-4E7E-94E5-4B22A01CE3C3}
		{6103FDB2-FCE2-4E7E-94E5-4B22A01CE3C3} = {25EA2428-C302-4179-A1BB-C63258BEC435}
		{F4E31E10-9D38-431A-91A5-B36C735BDF6D} = {25EA2428-C302-4179-A1BB-C63258BEC435}
		{7B87C4CB-4E4D-4C0A-8116-C310BC6FC1B3} = {89D8C7CB-4A0A-4E91-81C3-297CCF29FF4F}
		{A51844C5-AF95-4545-85A1-AA818E04D6E3} = {89D8C7CB-4A0A-4E91-81C3-297CCF29FF4F}
		{D7542C4D-F13B-49AC-BFFF-7F35919A9846} = {3B2C5D72-5DC0-4772-BB4C-F36AAA49D39D}
		{ECA7E7E6-E43E-4D4C-BBA6-6ADC49401FE9} = {F4E31E10-9D38-431A-91A5-B36C735BDF6D}
		{12759162-8C71-428F-B4D3-5034EDA17BD7} = {F4E31E10-9D38-431A-91A5-B36C735BDF6D}
		{7B21B08E-29EC-47DD-8863-04FBDF333AE5} = {6103FDB2-FCE2-4E7E-94E5-4B22A01CE3C3}
		{81BE674B-9063-430C-A898-22028CEF2185} = {8A6C8C18-1A31-415D-A2C3-EA4B75CB2F04}
		{95D01E58-30AA-495E-A23F-B2EE6C695C42} = {81BE674B-9063-430C-A898-22028CEF2185}
		{0CEDF659-7A3D-484D-A2A7-8ABCCBF07CA6} = {F4E31E10-9D38-431A-91A5-B36C735BDF6D}
		{E17F5A13-6004-44F2-8B20-DB21A6156BBE} = {0CEDF659-7A3D-484D-A2A7-8ABCCBF07CA6}
		{04AE057A-CFF9-4094-84F7-3434909B29EB} = {E17F5A13-6004-44F2-8B20-DB21A6156BBE}
		{735F70E1-963A-49CD-887E-89FA3C2C20A5} = {0CEDF659-7A3D-484D-A2A7-8ABCCBF07CA6}
		{E072928F-287D-4D39-84C8-82D558615DF4} = {735F70E1-963A-49CD-887E-89FA3C2C20A5}
		{27ADB06F-E000-48D9-A36B-CFCF7945392E} = {735F70E1-963A-49CD-887E-89FA3C2C20A5}
		{3878AA7A-D04E-4784-A905-2333B1505942} = {E17F5A13-6004-44F2-8B20-DB21A6156BBE}
		{C4D2230C-8D69-47C2-B512-3BC7743EA51B} = {E17F5A13-6004-44F2-8B20-DB21A6156BBE}
	EndGlobalSection
	GlobalSection(ExtensibilityGlobals) = postSolution
		SolutionGuid = {9D66C338-C9C3-43CA-9C86-9DAC70055AAE}
	EndGlobalSection
EndGlobal
