Microsoft Visual Studio Solution File, Format Version 12.00
# Visual Studio Version 17
VisualStudioVersion = 17.12.35506.116
MinimumVisualStudioVersion = 10.0.40219.1
Project("{FAE04EC0-301F-11D3-BF4B-00C04F79EFBC}") = "LogMQ.Core", "Sources\Core\LogMQ.Core\LogMQ.Core.csproj", "{7C3BD8BD-E223-4757-9EE4-804EAA66F294}"
EndProject
Project("{2150E333-8FDC-42A3-9474-1A3956D46DE8}") = "Sources", "Sources", "{70FF315F-1C6D-476C-9ACF-FA88862D2C0D}"
EndProject
Project("{2150E333-8FDC-42A3-9474-1A3956D46DE8}") = "Examples", "Examples", "{DA901B68-8B8B-42EA-851C-C28D68027630}"
EndProject
Project("{2150E333-8FDC-42A3-9474-1A3956D46DE8}") = "Core", "Core", "{F9EB35BD-904E-4096-9BC8-213E2295C989}"
EndProject
Project("{2150E333-8FDC-42A3-9474-1A3956D46DE8}") = "Modules", "Modules", "{C2077863-4EB4-4441-A0A4-83FD829798EF}"
EndProject
Project("{2150E333-8FDC-42A3-9474-1A3956D46DE8}") = "Providers", "Providers", "{55A06C35-BD9C-4C81-9CEB-DB8B9DBD8B6F}"
EndProject
Project("{2150E333-8FDC-42A3-9474-1A3956D46DE8}") = "Loggers", "Loggers", "{697B6DE9-4526-41E1-A0E5-E6F872757EF8}"
EndProject
Project("{2150E333-8FDC-42A3-9474-1A3956D46DE8}") = "Plugins", "Plugins", "{B75A878F-B4BE-403D-BA20-5E4E3C44DA98}"
EndProject
Project("{2150E333-8FDC-42A3-9474-1A3956D46DE8}") = "Services", "Services", "{5C7A75B9-5939-4414-9C53-EB31F522803B}"
EndProject
Project("{2150E333-8FDC-42A3-9474-1A3956D46DE8}") = "Broker", "Broker", "{C2BDC703-5127-4555-86FF-0E31BC328304}"
EndProject
Project("{2150E333-8FDC-42A3-9474-1A3956D46DE8}") = "Viewer", "Viewer", "{911D9532-33BB-4941-A807-26DCA6657FF8}"
EndProject
Project("{2150E333-8FDC-42A3-9474-1A3956D46DE8}") = "Contracts", "Contracts", "{17F9DDD6-8878-4290-A451-FFECC887098A}"
EndProject
Project("{2150E333-8FDC-42A3-9474-1A3956D46DE8}") = "Receivers", "Receivers", "{2F1FF550-C12F-42FD-9077-141D9D654DC3}"
EndProject
Project("{2150E333-8FDC-42A3-9474-1A3956D46DE8}") = "Storage", "Storage", "{8335D9E0-F69D-4ACB-BF34-2172BE34FB08}"
EndProject
Project("{2150E333-8FDC-42A3-9474-1A3956D46DE8}") = "Contracts", "Contracts", "{4E2B4A80-449C-4C92-8844-B535F98B5D8B}"
EndProject
Project("{2150E333-8FDC-42A3-9474-1A3956D46DE8}") = "Contracts", "Contracts", "{21A22F58-08BC-4F39-A594-C250C54F4474}"
EndProject
Project("{2150E333-8FDC-42A3-9474-1A3956D46DE8}") = "Serilog", "Serilog", "{88E90C66-7892-4E4B-9B70-CC9D157E72B3}"
EndProject
Project("{2150E333-8FDC-42A3-9474-1A3956D46DE8}") = "Log4Net", "Log4Net", "{FFE79C58-F9A9-4B8B-A0BD-B6AE3FEB11A6}"
EndProject
Project("{2150E333-8FDC-42A3-9474-1A3956D46DE8}") = "NLog", "NLog", "{5E91C9BE-DFE3-4325-9EB0-35090869FE72}"
EndProject
Project("{FAE04EC0-301F-11D3-BF4B-00C04F79EFBC}") = "LogMQ.Loggers.Serilog", "Sources\Modules\Loggers\Serilog\LogMQ.Loggers.Serilog\LogMQ.Loggers.Serilog.csproj", "{BFB6354A-462A-46A5-90ED-09B7DA471795}"
EndProject
Project("{FAE04EC0-301F-11D3-BF4B-00C04F79EFBC}") = "LogMQ.Receivers.Contracts", "Sources\Modules\Plugins\Receivers\Contracts\LogMQ.Receivers.Contracts\LogMQ.Receivers.Contracts.csproj", "{CCAEC084-34EA-4983-9101-C873FAB30250}"
EndProject
Project("{FAE04EC0-301F-11D3-BF4B-00C04F79EFBC}") = "LogMQ.Storage.Contracts", "Sources\Modules\Plugins\Storage\Contracts\LogMQ.Storage.Contracts\LogMQ.Storage.Contracts.csproj", "{5B8EC0DC-6BE2-485F-8675-2380A8E8CA90}"
EndProject
Project("{FAE04EC0-301F-11D3-BF4B-00C04F79EFBC}") = "LogMQ.Providers.Contracts", "Sources\Modules\Providers\Contracts\LogMQ.Providers.Contracts\LogMQ.Providers.Contracts.csproj", "{40B061B1-2F0E-4791-BB74-E5E4F3D42CCB}"
EndProject
Project("{FAE04EC0-301F-11D3-BF4B-00C04F79EFBC}") = "LogMQ.Services.Broker", "Sources\Services\Broker\LogMQ.Services.Broker\LogMQ.Services.Broker.csproj", "{D462A985-0303-45EE-9BB6-870F3B3AA750}"
EndProject
Project("{FAE04EC0-301F-11D3-BF4B-00C04F79EFBC}") = "LogMQ.Services.Viewer", "Sources\Services\Viewer\LogMQ.Services.Viewer\LogMQ.Services.Viewer.csproj", "{344012D2-CE70-44D8-AE03-5D9212E8C055}"
EndProject
Project("{FAE04EC0-301F-11D3-BF4B-00C04F79EFBC}") = "LogMQ.Receivers.Msmq", "Sources\Modules\Plugins\Receivers\LogMQ.Receivers.Msmq\LogMQ.Receivers.Msmq.csproj", "{FBFAB9A2-9393-4261-95EF-B115C4400030}"
EndProject
Project("{FAE04EC0-301F-11D3-BF4B-00C04F79EFBC}") = "LogMQ.Receivers.Tcp", "Sources\Modules\Plugins\Receivers\LogMQ.Receivers.Tcp\LogMQ.Receivers.Tcp.csproj", "{02D90979-D7B3-484A-AC55-B2223158EABD}"
EndProject
Project("{FAE04EC0-301F-11D3-BF4B-00C04F79EFBC}") = "LogMQ.Storage.RocksDb", "Sources\Modules\Plugins\Storage\LogMQ.Storage.RocksDb\LogMQ.Storage.RocksDb.csproj", "{33A94589-813D-451B-90B9-A4B3DDE40944}"
EndProject
Project("{FAE04EC0-301F-11D3-BF4B-00C04F79EFBC}") = "LogMQ.Providers.Tcp", "Sources\Modules\Providers\LogMQ.Providers.Tcp\LogMQ.Providers.Tcp.csproj", "{6DC129AF-E229-4559-BB7C-0FDDCF9D9496}"
EndProject
Project("{FAE04EC0-301F-11D3-BF4B-00C04F79EFBC}") = "LogMQ.Providers.Msmq", "Sources\Modules\Providers\LogMQ.Providers.Msmq\LogMQ.Providers.Msmq.csproj", "{D573B787-FA34-495E-940C-CDC8D44E8B51}"
EndProject
Project("{2150E333-8FDC-42A3-9474-1A3956D46DE8}") = "Serilog", "Serilog", "{F401E5F5-E875-4AB4-893E-0F17D955E314}"
EndProject
Project("{2150E333-8FDC-42A3-9474-1A3956D46DE8}") = "Log4Net", "Log4Net", "{F560CA8B-49FD-41F4-AA1A-E342C2FAFCFA}"
EndProject
Project("{2150E333-8FDC-42A3-9474-1A3956D46DE8}") = "NLog", "NLog", "{3F3233DF-E225-486F-9DCF-467B4C33AF0B}"
EndProject
Project("{FAE04EC0-301F-11D3-BF4B-00C04F79EFBC}") = "LogMQ.Loggers.NLog", "Sources\Modules\Loggers\NLog\LogMQ.Loggers.NLog\LogMQ.Loggers.NLog.csproj", "{F70671D3-42E2-447C-B218-155F11906CBD}"
EndProject
Project("{FAE04EC0-301F-11D3-BF4B-00C04F79EFBC}") = "LogMQ.Loggers.Log4Net", "Sources\Modules\Loggers\Log4Net\LogMQ.Loggers.Log4Net\LogMQ.Loggers.Log4Net.csproj", "{AF5CEDF0-BC1E-4A53-90B3-C2C857735197}"
EndProject
Project("{FAE04EC0-301F-11D3-BF4B-00C04F79EFBC}") = "LogMQ.Examples.Serilog.Console", "Examples\Serilog\LogMQ.Examples.Serilog.Console\LogMQ.Examples.Serilog.Console.csproj", "{2159B536-E3AB-4D37-8ED4-9A9731CB22A2}"
EndProject
Project("{2150E333-8FDC-42A3-9474-1A3956D46DE8}") = "Solution Items", "Solution Items", "{16C03A58-D6C0-405B-8D85-B96A9823D8EE}"
	ProjectSection(SolutionItems) = preProject
		.gitignore = .gitignore
		LICENSE = LICENSE
		README.md = README.md
		TODO List.md = TODO List.md
	EndProjectSection
EndProject
Project("{2150E333-8FDC-42A3-9474-1A3956D46DE8}") = "Extensions.Logging", "Extensions.Logging", "{DAD28332-D723-4EDB-A928-4DB643CC38E3}"
EndProject
Project("{2150E333-8FDC-42A3-9474-1A3956D46DE8}") = "Extensions.Logging", "Extensions.Logging", "{14899ADF-4026-4C4B-9B95-2D27B6F1C707}"
EndProject
Project("{FAE04EC0-301F-11D3-BF4B-00C04F79EFBC}") = "LogMQ.Loggers.Extensions.Logging", "Sources\Modules\Loggers\Extensions.Logging\LogMQ.Loggers.Extensions.Logging\LogMQ.Loggers.Extensions.Logging.csproj", "{687C755D-471E-4BE6-A635-89991DB60B25}"
EndProject
Project("{FAE04EC0-301F-11D3-BF4B-00C04F79EFBC}") = "LogMQ.Examples.Extensions.Logging", "LogMQ.Examples.Extensions.Logging\LogMQ.Examples.Extensions.Logging.csproj", "{57921FD9-F3A9-44F6-AF74-AF6260B08DEB}"
EndProject
Global
	GlobalSection(SolutionConfigurationPlatforms) = preSolution
		Debug|Any CPU = Debug|Any CPU
		Release|Any CPU = Release|Any CPU
	EndGlobalSection
	GlobalSection(ProjectConfigurationPlatforms) = postSolution
		{7C3BD8BD-E223-4757-9EE4-804EAA66F294}.Debug|Any CPU.ActiveCfg = Debug|Any CPU
		{7C3BD8BD-E223-4757-9EE4-804EAA66F294}.Debug|Any CPU.Build.0 = Debug|Any CPU
		{7C3BD8BD-E223-4757-9EE4-804EAA66F294}.Release|Any CPU.ActiveCfg = Release|Any CPU
		{7C3BD8BD-E223-4757-9EE4-804EAA66F294}.Release|Any CPU.Build.0 = Release|Any CPU
		{BFB6354A-462A-46A5-90ED-09B7DA471795}.Debug|Any CPU.ActiveCfg = Debug|Any CPU
		{BFB6354A-462A-46A5-90ED-09B7DA471795}.Debug|Any CPU.Build.0 = Debug|Any CPU
		{BFB6354A-462A-46A5-90ED-09B7DA471795}.Release|Any CPU.ActiveCfg = Release|Any CPU
		{BFB6354A-462A-46A5-90ED-09B7DA471795}.Release|Any CPU.Build.0 = Release|Any CPU
		{CCAEC084-34EA-4983-9101-C873FAB30250}.Debug|Any CPU.ActiveCfg = Debug|Any CPU
		{CCAEC084-34EA-4983-9101-C873FAB30250}.Debug|Any CPU.Build.0 = Debug|Any CPU
		{CCAEC084-34EA-4983-9101-C873FAB30250}.Release|Any CPU.ActiveCfg = Release|Any CPU
		{CCAEC084-34EA-4983-9101-C873FAB30250}.Release|Any CPU.Build.0 = Release|Any CPU
		{5B8EC0DC-6BE2-485F-8675-2380A8E8CA90}.Debug|Any CPU.ActiveCfg = Debug|Any CPU
		{5B8EC0DC-6BE2-485F-8675-2380A8E8CA90}.Debug|Any CPU.Build.0 = Debug|Any CPU
		{5B8EC0DC-6BE2-485F-8675-2380A8E8CA90}.Release|Any CPU.ActiveCfg = Release|Any CPU
		{5B8EC0DC-6BE2-485F-8675-2380A8E8CA90}.Release|Any CPU.Build.0 = Release|Any CPU
		{40B061B1-2F0E-4791-BB74-E5E4F3D42CCB}.Debug|Any CPU.ActiveCfg = Debug|Any CPU
		{40B061B1-2F0E-4791-BB74-E5E4F3D42CCB}.Debug|Any CPU.Build.0 = Debug|Any CPU
		{40B061B1-2F0E-4791-BB74-E5E4F3D42CCB}.Release|Any CPU.ActiveCfg = Release|Any CPU
		{40B061B1-2F0E-4791-BB74-E5E4F3D42CCB}.Release|Any CPU.Build.0 = Release|Any CPU
		{D462A985-0303-45EE-9BB6-870F3B3AA750}.Debug|Any CPU.ActiveCfg = Debug|Any CPU
		{D462A985-0303-45EE-9BB6-870F3B3AA750}.Debug|Any CPU.Build.0 = Debug|Any CPU
		{D462A985-0303-45EE-9BB6-870F3B3AA750}.Release|Any CPU.ActiveCfg = Release|Any CPU
		{D462A985-0303-45EE-9BB6-870F3B3AA750}.Release|Any CPU.Build.0 = Release|Any CPU
		{344012D2-CE70-44D8-AE03-5D9212E8C055}.Debug|Any CPU.ActiveCfg = Debug|Any CPU
		{344012D2-CE70-44D8-AE03-5D9212E8C055}.Debug|Any CPU.Build.0 = Debug|Any CPU
		{344012D2-CE70-44D8-AE03-5D9212E8C055}.Release|Any CPU.ActiveCfg = Release|Any CPU
		{344012D2-CE70-44D8-AE03-5D9212E8C055}.Release|Any CPU.Build.0 = Release|Any CPU
		{FBFAB9A2-9393-4261-95EF-B115C4400030}.Debug|Any CPU.ActiveCfg = Debug|Any CPU
		{FBFAB9A2-9393-4261-95EF-B115C4400030}.Debug|Any CPU.Build.0 = Debug|Any CPU
		{FBFAB9A2-9393-4261-95EF-B115C4400030}.Release|Any CPU.ActiveCfg = Release|Any CPU
		{FBFAB9A2-9393-4261-95EF-B115C4400030}.Release|Any CPU.Build.0 = Release|Any CPU
		{02D90979-D7B3-484A-AC55-B2223158EABD}.Debug|Any CPU.ActiveCfg = Debug|Any CPU
		{02D90979-D7B3-484A-AC55-B2223158EABD}.Debug|Any CPU.Build.0 = Debug|Any CPU
		{02D90979-D7B3-484A-AC55-B2223158EABD}.Release|Any CPU.ActiveCfg = Release|Any CPU
		{02D90979-D7B3-484A-AC55-B2223158EABD}.Release|Any CPU.Build.0 = Release|Any CPU
		{33A94589-813D-451B-90B9-A4B3DDE40944}.Debug|Any CPU.ActiveCfg = Debug|Any CPU
		{33A94589-813D-451B-90B9-A4B3DDE40944}.Debug|Any CPU.Build.0 = Debug|Any CPU
		{33A94589-813D-451B-90B9-A4B3DDE40944}.Release|Any CPU.ActiveCfg = Release|Any CPU
		{33A94589-813D-451B-90B9-A4B3DDE40944}.Release|Any CPU.Build.0 = Release|Any CPU
		{6DC129AF-E229-4559-BB7C-0FDDCF9D9496}.Debug|Any CPU.ActiveCfg = Debug|Any CPU
		{6DC129AF-E229-4559-BB7C-0FDDCF9D9496}.Debug|Any CPU.Build.0 = Debug|Any CPU
		{6DC129AF-E229-4559-BB7C-0FDDCF9D9496}.Release|Any CPU.ActiveCfg = Release|Any CPU
		{6DC129AF-E229-4559-BB7C-0FDDCF9D9496}.Release|Any CPU.Build.0 = Release|Any CPU
		{D573B787-FA34-495E-940C-CDC8D44E8B51}.Debug|Any CPU.ActiveCfg = Debug|Any CPU
		{D573B787-FA34-495E-940C-CDC8D44E8B51}.Debug|Any CPU.Build.0 = Debug|Any CPU
		{D573B787-FA34-495E-940C-CDC8D44E8B51}.Release|Any CPU.ActiveCfg = Release|Any CPU
		{D573B787-FA34-495E-940C-CDC8D44E8B51}.Release|Any CPU.Build.0 = Release|Any CPU
		{F70671D3-42E2-447C-B218-155F11906CBD}.Debug|Any CPU.ActiveCfg = Debug|Any CPU
		{F70671D3-42E2-447C-B218-155F11906CBD}.Debug|Any CPU.Build.0 = Debug|Any CPU
		{F70671D3-42E2-447C-B218-155F11906CBD}.Release|Any CPU.ActiveCfg = Release|Any CPU
		{F70671D3-42E2-447C-B218-155F11906CBD}.Release|Any CPU.Build.0 = Release|Any CPU
		{AF5CEDF0-BC1E-4A53-90B3-C2C857735197}.Debug|Any CPU.ActiveCfg = Debug|Any CPU
		{AF5CEDF0-BC1E-4A53-90B3-C2C857735197}.Debug|Any CPU.Build.0 = Debug|Any CPU
		{AF5CEDF0-BC1E-4A53-90B3-C2C857735197}.Release|Any CPU.ActiveCfg = Release|Any CPU
		{AF5CEDF0-BC1E-4A53-90B3-C2C857735197}.Release|Any CPU.Build.0 = Release|Any CPU
		{2159B536-E3AB-4D37-8ED4-9A9731CB22A2}.Debug|Any CPU.ActiveCfg = Debug|Any CPU
		{2159B536-E3AB-4D37-8ED4-9A9731CB22A2}.Debug|Any CPU.Build.0 = Debug|Any CPU
		{2159B536-E3AB-4D37-8ED4-9A9731CB22A2}.Release|Any CPU.ActiveCfg = Release|Any CPU
		{2159B536-E3AB-4D37-8ED4-9A9731CB22A2}.Release|Any CPU.Build.0 = Release|Any CPU
		{687C755D-471E-4BE6-A635-89991DB60B25}.Debug|Any CPU.ActiveCfg = Debug|Any CPU
		{687C755D-471E-4BE6-A635-89991DB60B25}.Debug|Any CPU.Build.0 = Debug|Any CPU
		{687C755D-471E-4BE6-A635-89991DB60B25}.Release|Any CPU.ActiveCfg = Release|Any CPU
		{687C755D-471E-4BE6-A635-89991DB60B25}.Release|Any CPU.Build.0 = Release|Any CPU
		{57921FD9-F3A9-44F6-AF74-AF6260B08DEB}.Debug|Any CPU.ActiveCfg = Debug|Any CPU
		{57921FD9-F3A9-44F6-AF74-AF6260B08DEB}.Debug|Any CPU.Build.0 = Debug|Any CPU
		{57921FD9-F3A9-44F6-AF74-AF6260B08DEB}.Release|Any CPU.ActiveCfg = Release|Any CPU
		{57921FD9-F3A9-44F6-AF74-AF6260B08DEB}.Release|Any CPU.Build.0 = Release|Any CPU
	EndGlobalSection
	GlobalSection(SolutionProperties) = preSolution
		HideSolutionNode = FALSE
	EndGlobalSection
	GlobalSection(NestedProjects) = preSolution
		{7C3BD8BD-E223-4757-9EE4-804EAA66F294} = {F9EB35BD-904E-4096-9BC8-213E2295C989}
		{F9EB35BD-904E-4096-9BC8-213E2295C989} = {70FF315F-1C6D-476C-9ACF-FA88862D2C0D}
		{C2077863-4EB4-4441-A0A4-83FD829798EF} = {70FF315F-1C6D-476C-9ACF-FA88862D2C0D}
		{55A06C35-BD9C-4C81-9CEB-DB8B9DBD8B6F} = {C2077863-4EB4-4441-A0A4-83FD829798EF}
		{697B6DE9-4526-41E1-A0E5-E6F872757EF8} = {C2077863-4EB4-4441-A0A4-83FD829798EF}
		{B75A878F-B4BE-403D-BA20-5E4E3C44DA98} = {C2077863-4EB4-4441-A0A4-83FD829798EF}
		{5C7A75B9-5939-4414-9C53-EB31F522803B} = {70FF315F-1C6D-476C-9ACF-FA88862D2C0D}
		{C2BDC703-5127-4555-86FF-0E31BC328304} = {5C7A75B9-5939-4414-9C53-EB31F522803B}
		{911D9532-33BB-4941-A807-26DCA6657FF8} = {5C7A75B9-5939-4414-9C53-EB31F522803B}
		{17F9DDD6-8878-4290-A451-FFECC887098A} = {55A06C35-BD9C-4C81-9CEB-DB8B9DBD8B6F}
		{2F1FF550-C12F-42FD-9077-141D9D654DC3} = {B75A878F-B4BE-403D-BA20-5E4E3C44DA98}
		{8335D9E0-F69D-4ACB-BF34-2172BE34FB08} = {B75A878F-B4BE-403D-BA20-5E4E3C44DA98}
		{4E2B4A80-449C-4C92-8844-B535F98B5D8B} = {2F1FF550-C12F-42FD-9077-141D9D654DC3}
		{21A22F58-08BC-4F39-A594-C250C54F4474} = {8335D9E0-F69D-4ACB-BF34-2172BE34FB08}
		{88E90C66-7892-4E4B-9B70-CC9D157E72B3} = {697B6DE9-4526-41E1-A0E5-E6F872757EF8}
		{FFE79C58-F9A9-4B8B-A0BD-B6AE3FEB11A6} = {697B6DE9-4526-41E1-A0E5-E6F872757EF8}
		{5E91C9BE-DFE3-4325-9EB0-35090869FE72} = {697B6DE9-4526-41E1-A0E5-E6F872757EF8}
		{BFB6354A-462A-46A5-90ED-09B7DA471795} = {88E90C66-7892-4E4B-9B70-CC9D157E72B3}
		{CCAEC084-34EA-4983-9101-C873FAB30250} = {4E2B4A80-449C-4C92-8844-B535F98B5D8B}
		{5B8EC0DC-6BE2-485F-8675-2380A8E8CA90} = {21A22F58-08BC-4F39-A594-C250C54F4474}
		{40B061B1-2F0E-4791-BB74-E5E4F3D42CCB} = {17F9DDD6-8878-4290-A451-FFECC887098A}
		{D462A985-0303-45EE-9BB6-870F3B3AA750} = {C2BDC703-5127-4555-86FF-0E31BC328304}
		{344012D2-CE70-44D8-AE03-5D9212E8C055} = {911D9532-33BB-4941-A807-26DCA6657FF8}
		{FBFAB9A2-9393-4261-95EF-B115C4400030} = {2F1FF550-C12F-42FD-9077-141D9D654DC3}
		{02D90979-D7B3-484A-AC55-B2223158EABD} = {2F1FF550-C12F-42FD-9077-141D9D654DC3}
		{33A94589-813D-451B-90B9-A4B3DDE40944} = {8335D9E0-F69D-4ACB-BF34-2172BE34FB08}
		{6DC129AF-E229-4559-BB7C-0FDDCF9D9496} = {55A06C35-BD9C-4C81-9CEB-DB8B9DBD8B6F}
		{D573B787-FA34-495E-940C-CDC8D44E8B51} = {55A06C35-BD9C-4C81-9CEB-DB8B9DBD8B6F}
		{F401E5F5-E875-4AB4-893E-0F17D955E314} = {DA901B68-8B8B-42EA-851C-C28D68027630}
		{F560CA8B-49FD-41F4-AA1A-E342C2FAFCFA} = {DA901B68-8B8B-42EA-851C-C28D68027630}
		{3F3233DF-E225-486F-9DCF-467B4C33AF0B} = {DA901B68-8B8B-42EA-851C-C28D68027630}
		{F70671D3-42E2-447C-B218-155F11906CBD} = {5E91C9BE-DFE3-4325-9EB0-35090869FE72}
		{AF5CEDF0-BC1E-4A53-90B3-C2C857735197} = {FFE79C58-F9A9-4B8B-A0BD-B6AE3FEB11A6}
		{2159B536-E3AB-4D37-8ED4-9A9731CB22A2} = {F401E5F5-E875-4AB4-893E-0F17D955E314}
		{DAD28332-D723-4EDB-A928-4DB643CC38E3} = {DA901B68-8B8B-42EA-851C-C28D68027630}
		{14899ADF-4026-4C4B-9B95-2D27B6F1C707} = {697B6DE9-4526-41E1-A0E5-E6F872757EF8}
		{687C755D-471E-4BE6-A635-89991DB60B25} = {14899ADF-4026-4C4B-9B95-2D27B6F1C707}
		{57921FD9-F3A9-44F6-AF74-AF6260B08DEB} = {DAD28332-D723-4EDB-A928-4DB643CC38E3}
	EndGlobalSection
EndGlobal
